
Microsoft Visual Studio Solution File, Format Version 12.00
# Visual Studio Version 17
VisualStudioVersion = 17.11.35327.3
MinimumVisualStudioVersion = 10.0.40219.1
Project("{FAE04EC0-301F-11D3-BF4B-00C04F79EFBC}") = "HotelReservation.Form", "HotelReservation\HotelReservation.Form.csproj", "{D7EDAC17-957A-470E-8201-36E80924475F}"
EndProject
Project("{FAE04EC0-301F-11D3-BF4B-00C04F79EFBC}") = "HotelReservation.Entity", "HotelReservation.Entity\HotelReservation.Entity.csproj", "{8CBAA387-9E31-4585-9ABD-68DB45B5E756}"
EndProject
Project("{FAE04EC0-301F-11D3-BF4B-00C04F79EFBC}") = "HotelReservation.Dal", "HotelReservation.Dal\HotelReservation.Dal.csproj", "{E8B6273A-014F-4240-9DA6-ADE792B1B637}"
EndProject
Project("{FAE04EC0-301F-11D3-BF4B-00C04F79EFBC}") = "HotelReservation.Bll", "HotelReservation.Bll\HotelReservation.Bll.csproj", "{88B93214-2681-4A3C-A79F-D09E065F5C9E}"
EndProject
Global
	GlobalSection(SolutionConfigurationPlatforms) = preSolution
		Debug|Any CPU = Debug|Any CPU
		Release|Any CPU = Release|Any CPU
	EndGlobalSection
	GlobalSection(ProjectConfigurationPlatforms) = postSolution
		{D7EDAC17-957A-470E-8201-36E80924475F}.Debug|Any CPU.ActiveCfg = Debug|Any CPU
		{D7EDAC17-957A-470E-8201-36E80924475F}.Debug|Any CPU.Build.0 = Debug|Any CPU
		{D7EDAC17-957A-470E-8201-36E80924475F}.Release|Any CPU.ActiveCfg = Release|Any CPU
		{D7EDAC17-957A-470E-8201-36E80924475F}.Release|Any CPU.Build.0 = Release|Any CPU
		{8CBAA387-9E31-4585-9ABD-68DB45B5E756}.Debug|Any CPU.ActiveCfg = Debug|Any CPU
		{8CBAA387-9E31-4585-9ABD-68DB45B5E756}.Debug|Any CPU.Build.0 = Debug|Any CPU
		{8CBAA387-9E31-4585-9ABD-68DB45B5E756}.Release|Any CPU.ActiveCfg = Release|Any CPU
		{8CBAA387-9E31-4585-9ABD-68DB45B5E756}.Release|Any CPU.Build.0 = Release|Any CPU
		{E8B6273A-014F-4240-9DA6-ADE792B1B637}.Debug|Any CPU.ActiveCfg = Debug|Any CPU
		{E8B6273A-014F-4240-9DA6-ADE792B1B637}.Debug|Any CPU.Build.0 = Debug|Any CPU
		{E8B6273A-014F-4240-9DA6-ADE792B1B637}.Release|Any CPU.ActiveCfg = Release|Any CPU
		{E8B6273A-014F-4240-9DA6-ADE792B1B637}.Release|Any CPU.Build.0 = Release|Any CPU
		{88B93214-2681-4A3C-A79F-D09E065F5C9E}.Debug|Any CPU.ActiveCfg = Debug|Any CPU
		{88B93214-2681-4A3C-A79F-D09E065F5C9E}.Debug|Any CPU.Build.0 = Debug|Any CPU
		{88B93214-2681-4A3C-A79F-D09E065F5C9E}.Release|Any CPU.ActiveCfg = Release|Any CPU
		{88B93214-2681-4A3C-A79F-D09E065F5C9E}.Release|Any CPU.Build.0 = Release|Any CPU
	EndGlobalSection
	GlobalSection(SolutionProperties) = preSolution
		HideSolutionNode = FALSE
	EndGlobalSection
	GlobalSection(ExtensibilityGlobals) = postSolution
		SolutionGuid = {EEDCC5D0-D9EC-4FDC-AC28-8EB3D813E14A}
	EndGlobalSection
EndGlobal
